
Microsoft Visual Studio Solution File, Format Version 12.00
# Visual Studio Version 16
VisualStudioVersion = 16.0.32413.511
MinimumVisualStudioVersion = 10.0.40219.1
Project("{FAE04EC0-301F-11D3-BF4B-00C04F79EFBC}") = "OpenINI", "OpenINI.csproj", "{7DF855A1-1780-40FE-B77E-A2CAE6EF7FE5}"
EndProject
Global
	GlobalSection(SolutionConfigurationPlatforms) = preSolution
		Debug|Any CPU = Debug|Any CPU
		Release|Any CPU = Release|Any CPU
	EndGlobalSection
	GlobalSection(ProjectConfigurationPlatforms) = postSolution
		{7DF855A1-1780-40FE-B77E-A2CAE6EF7FE5}.Debug|Any CPU.ActiveCfg = Debug|Any CPU
		{7DF855A1-1780-40FE-B77E-A2CAE6EF7FE5}.Debug|Any CPU.Build.0 = Debug|Any CPU
		{7DF855A1-1780-40FE-B77E-A2CAE6EF7FE5}.Release|Any CPU.ActiveCfg = Release|Any CPU
		{7DF855A1-1780-40FE-B77E-A2CAE6EF7FE5}.Release|Any CPU.Build.0 = Release|Any CPU
	EndGlobalSection
	GlobalSection(SolutionProperties) = preSolution
		HideSolutionNode = FALSE
	EndGlobalSection
	GlobalSection(ExtensibilityGlobals) = postSolution
		SolutionGuid = {53322EFA-78C7-4144-9E05-3EC67195B536}
	EndGlobalSection
EndGlobal
